
Microsoft Visual Studio Solution File, Format Version 12.00
# Visual Studio Version 17
VisualStudioVersion = 17.4.33205.214
MinimumVisualStudioVersion = 10.0.40219.1
Project("{FAE04EC0-301F-11D3-BF4B-00C04F79EFBC}") = "EmlakYonetim", "18 Ocak Emlakci Prog Generic\EmlakYonetim.csproj", "{0EEEAE49-DFA2-4C35-A633-0BFCA1A9F26C}"
EndProject
Global
	GlobalSection(SolutionConfigurationPlatforms) = preSolution
		Debug|Any CPU = Debug|Any CPU
		Release|Any CPU = Release|Any CPU
	EndGlobalSection
	GlobalSection(ProjectConfigurationPlatforms) = postSolution
		{0EEEAE49-DFA2-4C35-A633-0BFCA1A9F26C}.Debug|Any CPU.ActiveCfg = Debug|Any CPU
		{0EEEAE49-DFA2-4C35-A633-0BFCA1A9F26C}.Debug|Any CPU.Build.0 = Debug|Any CPU
		{0EEEAE49-DFA2-4C35-A633-0BFCA1A9F26C}.Release|Any CPU.ActiveCfg = Release|Any CPU
		{0EEEAE49-DFA2-4C35-A633-0BFCA1A9F26C}.Release|Any CPU.Build.0 = Release|Any CPU
	EndGlobalSection
	GlobalSection(SolutionProperties) = preSolution
		HideSolutionNode = FALSE
	EndGlobalSection
	GlobalSection(ExtensibilityGlobals) = postSolution
		SolutionGuid = {1A0D353F-FBBD-4901-9E29-C7E568DDBC3D}
	EndGlobalSection
EndGlobal
